
Microsoft Visual Studio Solution File, Format Version 12.00
# Visual Studio Version 17
VisualStudioVersion = 17.1.32210.238
MinimumVisualStudioVersion = 10.0.40219.1
Project("{FAE04EC0-301F-11D3-BF4B-00C04F79EFBC}") = "Core", "Core\Core.csproj", "{D7D1C8B2-4B60-4092-AB59-680AE4D9A8A5}"
EndProject
Project("{FAE04EC0-301F-11D3-BF4B-00C04F79EFBC}") = "DataAccess", "DataAccess\DataAccess.csproj", "{35072450-E500-43D4-927E-0A9D7217FE24}"
EndProject
Project("{FAE04EC0-301F-11D3-BF4B-00C04F79EFBC}") = "Business", "Business\Business.csproj", "{C781C991-5147-4F51-A120-C58E83530DBA}"
EndProject
Project("{FAE04EC0-301F-11D3-BF4B-00C04F79EFBC}") = "Entities", "Entities\Entities.csproj", "{9E2BED38-F1E3-48D9-BDA4-BF95FB4E666A}"
EndProject
Project("{FAE04EC0-301F-11D3-BF4B-00C04F79EFBC}") = "WebApi", "WebApi\WebApi.csproj", "{6AFF049F-9C8D-45AC-92CB-A43D9E82E1FA}"
EndProject
Global
	GlobalSection(SolutionConfigurationPlatforms) = preSolution
		Debug|Any CPU = Debug|Any CPU
		Release|Any CPU = Release|Any CPU
	EndGlobalSection
	GlobalSection(ProjectConfigurationPlatforms) = postSolution
		{D7D1C8B2-4B60-4092-AB59-680AE4D9A8A5}.Debug|Any CPU.ActiveCfg = Debug|Any CPU
		{D7D1C8B2-4B60-4092-AB59-680AE4D9A8A5}.Debug|Any CPU.Build.0 = Debug|Any CPU
		{D7D1C8B2-4B60-4092-AB59-680AE4D9A8A5}.Release|Any CPU.ActiveCfg = Release|Any CPU
		{D7D1C8B2-4B60-4092-AB59-680AE4D9A8A5}.Release|Any CPU.Build.0 = Release|Any CPU
		{35072450-E500-43D4-927E-0A9D7217FE24}.Debug|Any CPU.ActiveCfg = Debug|Any CPU
		{35072450-E500-43D4-927E-0A9D7217FE24}.Debug|Any CPU.Build.0 = Debug|Any CPU
		{35072450-E500-43D4-927E-0A9D7217FE24}.Release|Any CPU.ActiveCfg = Release|Any CPU
		{35072450-E500-43D4-927E-0A9D7217FE24}.Release|Any CPU.Build.0 = Release|Any CPU
		{C781C991-5147-4F51-A120-C58E83530DBA}.Debug|Any CPU.ActiveCfg = Debug|Any CPU
		{C781C991-5147-4F51-A120-C58E83530DBA}.Debug|Any CPU.Build.0 = Debug|Any CPU
		{C781C991-5147-4F51-A120-C58E83530DBA}.Release|Any CPU.ActiveCfg = Release|Any CPU
		{C781C991-5147-4F51-A120-C58E83530DBA}.Release|Any CPU.Build.0 = Release|Any CPU
		{9E2BED38-F1E3-48D9-BDA4-BF95FB4E666A}.Debug|Any CPU.ActiveCfg = Debug|Any CPU
		{9E2BED38-F1E3-48D9-BDA4-BF95FB4E666A}.Debug|Any CPU.Build.0 = Debug|Any CPU
		{9E2BED38-F1E3-48D9-BDA4-BF95FB4E666A}.Release|Any CPU.ActiveCfg = Release|Any CPU
		{9E2BED38-F1E3-48D9-BDA4-BF95FB4E666A}.Release|Any CPU.Build.0 = Release|Any CPU
		{6AFF049F-9C8D-45AC-92CB-A43D9E82E1FA}.Debug|Any CPU.ActiveCfg = Debug|Any CPU
		{6AFF049F-9C8D-45AC-92CB-A43D9E82E1FA}.Debug|Any CPU.Build.0 = Debug|Any CPU
		{6AFF049F-9C8D-45AC-92CB-A43D9E82E1FA}.Release|Any CPU.ActiveCfg = Release|Any CPU
		{6AFF049F-9C8D-45AC-92CB-A43D9E82E1FA}.Release|Any CPU.Build.0 = Release|Any CPU
	EndGlobalSection
	GlobalSection(SolutionProperties) = preSolution
		HideSolutionNode = FALSE
	EndGlobalSection
	GlobalSection(ExtensibilityGlobals) = postSolution
		SolutionGuid = {1E68CFE3-30A8-4757-A39A-0E688BFAD228}
	EndGlobalSection
EndGlobal
